
Microsoft Visual Studio Solution File, Format Version 12.00
# Visual Studio Version 16
VisualStudioVersion = 16.0.29613.14
MinimumVisualStudioVersion = 10.0.40219.1
Project("{9A19103F-16F7-4668-BE54-9A1E7A4F7556}") = "AuthenticationProject", "AuthenticationProject\AuthenticationProject.csproj", "{30E3DADE-90B6-482D-BA35-AB840CD18236}"
EndProject
Global
	GlobalSection(SolutionConfigurationPlatforms) = preSolution
		Debug|Any CPU = Debug|Any CPU
		Release|Any CPU = Release|Any CPU
	EndGlobalSection
	GlobalSection(ProjectConfigurationPlatforms) = postSolution
		{30E3DADE-90B6-482D-BA35-AB840CD18236}.Debug|Any CPU.ActiveCfg = Debug|Any CPU
		{30E3DADE-90B6-482D-BA35-AB840CD18236}.Debug|Any CPU.Build.0 = Debug|Any CPU
		{30E3DADE-90B6-482D-BA35-AB840CD18236}.Release|Any CPU.ActiveCfg = Release|Any CPU
		{30E3DADE-90B6-482D-BA35-AB840CD18236}.Release|Any CPU.Build.0 = Release|Any CPU
	EndGlobalSection
	GlobalSection(SolutionProperties) = preSolution
		HideSolutionNode = FALSE
	EndGlobalSection
	GlobalSection(ExtensibilityGlobals) = postSolution
		SolutionGuid = {A9DC8C12-6A39-4043-99B2-2BA8BD48A0F8}
	EndGlobalSection
EndGlobal
